// !$*UTF8*$!
{
	archiveVersion = 1;
	classes = {
	};
	objectVersion = 55;
	objects = {

/* Begin PBXBuildFile section */
		0BBE2E1528B5E45900F70FE5 /* AppDelegate.swift in Sources */ = {isa = PBXBuildFile; fileRef = 0BBE2E1428B5E45900F70FE5 /* AppDelegate.swift */; };
		0BBE2E1728B5E45900F70FE5 /* SceneDelegate.swift in Sources */ = {isa = PBXBuildFile; fileRef = 0BBE2E1628B5E45900F70FE5 /* SceneDelegate.swift */; };
		0BBE2E1928B5E45900F70FE5 /* ViewController.swift in Sources */ = {isa = PBXBuildFile; fileRef = 0BBE2E1828B5E45900F70FE5 /* ViewController.swift */; };
		0BBE2E1C28B5E45900F70FE5 /* Main.storyboard in Resources */ = {isa = PBXBuildFile; fileRef = 0BBE2E1A28B5E45900F70FE5 /* Main.storyboard */; };
		0BBE2E1E28B5E45A00F70FE5 /* Assets.xcassets in Resources */ = {isa = PBXBuildFile; fileRef = 0BBE2E1D28B5E45A00F70FE5 /* Assets.xcassets */; };
		0BBE2E2128B5E45A00F70FE5 /* LaunchScreen.storyboard in Resources */ = {isa = PBXBuildFile; fileRef = 0BBE2E1F28B5E45A00F70FE5 /* LaunchScreen.storyboard */; };
		0BBE2E2C28B5E45A00F70FE5 /* PasswordHackerTests.swift in Sources */ = {isa = PBXBuildFile; fileRef = 0BBE2E2B28B5E45A00F70FE5 /* PasswordHackerTests.swift */; };
		0BBE2E3628B5E45A00F70FE5 /* PasswordHackerUITests.swift in Sources */ = {isa = PBXBuildFile; fileRef = 0BBE2E3528B5E45A00F70FE5 /* PasswordHackerUITests.swift */; };
		0BBE2E3828B5E45A00F70FE5 /* PasswordHackerUITestsLaunchTests.swift in Sources */ = {isa = PBXBuildFile; fileRef = 0BBE2E3728B5E45A00F70FE5 /* PasswordHackerUITestsLaunchTests.swift */; };
/* End PBXBuildFile section */

/* Begin PBXContainerItemProxy section */
		0BBE2E2828B5E45A00F70FE5 /* PBXContainerItemProxy */ = {
			isa = PBXContainerItemProxy;
			containerPortal = 0BBE2E0928B5E45900F70FE5 /* Project object */;
			proxyType = 1;
			remoteGlobalIDString = 0BBE2E1028B5E45900F70FE5;
			remoteInfo = PasswordHacker;
		};
		0BBE2E3228B5E45A00F70FE5 /* PBXContainerItemProxy */ = {
			isa = PBXContainerItemProxy;
			containerPortal = 0BBE2E0928B5E45900F70FE5 /* Project object */;
			proxyType = 1;
			remoteGlobalIDString = 0BBE2E1028B5E45900F70FE5;
			remoteInfo = PasswordHacker;
		};
/* End PBXContainerItemProxy section */

/* Begin PBXFileReference section */
		0BBE2E1128B5E45900F70FE5 /* PasswordHacker.app */ = {isa = PBXFileReference; explicitFileType = wrapper.application; includeInIndex = 0; path = PasswordHacker.app; sourceTree = BUILT_PRODUCTS_DIR; };
		0BBE2E1428B5E45900F70FE5 /* AppDelegate.swift */ = {isa = PBXFileReference; lastKnownFileType = sourcecode.swift; path = AppDelegate.swift; sourceTree = "<group>"; };
		0BBE2E1628B5E45900F70FE5 /* SceneDelegate.swift */ = {isa = PBXFileReference; lastKnownFileType = sourcecode.swift; path = SceneDelegate.swift; sourceTree = "<group>"; };
		0BBE2E1828B5E45900F70FE5 /* ViewController.swift */ = {isa = PBXFileReference; lastKnownFileType = sourcecode.swift; path = ViewController.swift; sourceTree = "<group>"; };
		0BBE2E1B28B5E45900F70FE5 /* Base */ = {isa = PBXFileReference; lastKnownFileType = file.storyboard; name = Base; path = Base.lproj/Main.storyboard; sourceTree = "<group>"; };
		0BBE2E1D28B5E45A00F70FE5 /* Assets.xcassets */ = {isa = PBXFileReference; lastKnownFileType = folder.assetcatalog; path = Assets.xcassets; sourceTree = "<group>"; };
		0BBE2E2028B5E45A00F70FE5 /* Base */ = {isa = PBXFileReference; lastKnownFileType = file.storyboard; name = Base; path = Base.lproj/LaunchScreen.storyboard; sourceTree = "<group>"; };
		0BBE2E2228B5E45A00F70FE5 /* Info.plist */ = {isa = PBXFileReference; lastKnownFileType = text.plist.xml; path = Info.plist; sourceTree = "<group>"; };
		0BBE2E2728B5E45A00F70FE5 /* PasswordHackerTests.xctest */ = {isa = PBXFileReference; explicitFileType = wrapper.cfbundle; includeInIndex = 0; path = PasswordHackerTests.xctest; sourceTree = BUILT_PRODUCTS_DIR; };
		0BBE2E2B28B5E45A00F70FE5 /* PasswordHackerTests.swift */ = {isa = PBXFileReference; lastKnownFileType = sourcecode.swift; path = PasswordHackerTests.swift; sourceTree = "<group>"; };
		0BBE2E3128B5E45A00F70FE5 /* PasswordHackerUITests.xctest */ = {isa = PBXFileReference; explicitFileType = wrapper.cfbundle; includeInIndex = 0; path = PasswordHackerUITests.xctest; sourceTree = BUILT_PRODUCTS_DIR; };
		0BBE2E3528B5E45A00F70FE5 /* PasswordHackerUITests.swift */ = {isa = PBXFileReference; lastKnownFileType = sourcecode.swift; path = PasswordHackerUITests.swift; sourceTree = "<group>"; };
		0BBE2E3728B5E45A00F70FE5 /* PasswordHackerUITestsLaunchTests.swift */ = {isa = PBXFileReference; lastKnownFileType = sourcecode.swift; path = PasswordHackerUITestsLaunchTests.swift; sourceTree = "<group>"; };
/* End PBXFileReference section */

/* Begin PBXFrameworksBuildPhase section */
		0BBE2E0E28B5E45900F70FE5 /* Frameworks */ = {
			isa = PBXFrameworksBuildPhase;
			buildActionMask = 2147483647;
			files = (
			);
			runOnlyForDeploymentPostprocessing = 0;
		};
		0BBE2E2428B5E45A00F70FE5 /* Frameworks */ = {
			isa = PBXFrameworksBuildPhase;
			buildActionMask = 2147483647;
			files = (
			);
			runOnlyForDeploymentPostprocessing = 0;
		};
		0BBE2E2E28B5E45A00F70FE5 /* Frameworks */ = {
			isa = PBXFrameworksBuildPhase;
			buildActionMask = 2147483647;
			files = (
			);
			runOnlyForDeploymentPostprocessing = 0;
		};
/* End PBXFrameworksBuildPhase section */

/* Begin PBXGroup section */
		0BBE2E0828B5E45900F70FE5 = {
			isa = PBXGroup;
			children = (
				0BBE2E1328B5E45900F70FE5 /* PasswordHacker */,
				0BBE2E2A28B5E45A00F70FE5 /* PasswordHackerTests */,
				0BBE2E3428B5E45A00F70FE5 /* PasswordHackerUITests */,
				0BBE2E1228B5E45900F70FE5 /* Products */,
			);
			sourceTree = "<group>";
		};
		0BBE2E1228B5E45900F70FE5 /* Products */ = {
			isa = PBXGroup;
			children = (
				0BBE2E1128B5E45900F70FE5 /* PasswordHacker.app */,
				0BBE2E2728B5E45A00F70FE5 /* PasswordHackerTests.xctest */,
				0BBE2E3128B5E45A00F70FE5 /* PasswordHackerUITests.xctest */,
			);
			name = Products;
			sourceTree = "<group>";
		};
		0BBE2E1328B5E45900F70FE5 /* PasswordHacker */ = {
			isa = PBXGroup;
			children = (
				0BBE2E1428B5E45900F70FE5 /* AppDelegate.swift */,
				0BBE2E1628B5E45900F70FE5 /* SceneDelegate.swift */,
				0BBE2E1828B5E45900F70FE5 /* ViewController.swift */,
				0BBE2E1A28B5E45900F70FE5 /* Main.storyboard */,
				0BBE2E1D28B5E45A00F70FE5 /* Assets.xcassets */,
				0BBE2E1F28B5E45A00F70FE5 /* LaunchScreen.storyboard */,
				0BBE2E2228B5E45A00F70FE5 /* Info.plist */,
			);
			path = PasswordHacker;
			sourceTree = "<group>";
		};
		0BBE2E2A28B5E45A00F70FE5 /* PasswordHackerTests */ = {
			isa = PBXGroup;
			children = (
				0BBE2E2B28B5E45A00F70FE5 /* PasswordHackerTests.swift */,
			);
			path = PasswordHackerTests;
			sourceTree = "<group>";
		};
		0BBE2E3428B5E45A00F70FE5 /* PasswordHackerUITests */ = {
			isa = PBXGroup;
			children = (
				0BBE2E3528B5E45A00F70FE5 /* PasswordHackerUITests.swift */,
				0BBE2E3728B5E45A00F70FE5 /* PasswordHackerUITestsLaunchTests.swift */,
			);
			path = PasswordHackerUITests;
			sourceTree = "<group>";
		};
/* End PBXGroup section */

/* Begin PBXNativeTarget section */
		0BBE2E1028B5E45900F70FE5 /* PasswordHacker */ = {
			isa = PBXNativeTarget;
			buildConfigurationList = 0BBE2E3B28B5E45A00F70FE5 /* Build configuration list for PBXNativeTarget "PasswordHacker" */;
			buildPhases = (
				0BBE2E0D28B5E45900F70FE5 /* Sources */,
				0BBE2E0E28B5E45900F70FE5 /* Frameworks */,
				0BBE2E0F28B5E45900F70FE5 /* Resources */,
			);
			buildRules = (
			);
			dependencies = (
			);
			name = PasswordHacker;
			productName = PasswordHacker;
			productReference = 0BBE2E1128B5E45900F70FE5 /* PasswordHacker.app */;
			productType = "com.apple.product-type.application";
		};
		0BBE2E2628B5E45A00F70FE5 /* PasswordHackerTests */ = {
			isa = PBXNativeTarget;
			buildConfigurationList = 0BBE2E3E28B5E45A00F70FE5 /* Build configuration list for PBXNativeTarget "PasswordHackerTests" */;
			buildPhases = (
				0BBE2E2328B5E45A00F70FE5 /* Sources */,
				0BBE2E2428B5E45A00F70FE5 /* Frameworks */,
				0BBE2E2528B5E45A00F70FE5 /* Resources */,
			);
			buildRules = (
			);
			dependencies = (
				0BBE2E2928B5E45A00F70FE5 /* PBXTargetDependency */,
			);
			name = PasswordHackerTests;
			productName = PasswordHackerTests;
			productReference = 0BBE2E2728B5E45A00F70FE5 /* PasswordHackerTests.xctest */;
			productType = "com.apple.product-type.bundle.unit-test";
		};
		0BBE2E3028B5E45A00F70FE5 /* PasswordHackerUITests */ = {
			isa = PBXNativeTarget;
			buildConfigurationList = 0BBE2E4128B5E45A00F70FE5 /* Build configuration list for PBXNativeTarget "PasswordHackerUITests" */;
			buildPhases = (
				0BBE2E2D28B5E45A00F70FE5 /* Sources */,
				0BBE2E2E28B5E45A00F70FE5 /* Frameworks */,
				0BBE2E2F28B5E45A00F70FE5 /* Resources */,
			);
			buildRules = (
			);
			dependencies = (
				0BBE2E3328B5E45A00F70FE5 /* PBXTargetDependency */,
			);
			name = PasswordHackerUITests;
			productName = PasswordHackerUITests;
			productReference = 0BBE2E3128B5E45A00F70FE5 /* PasswordHackerUITests.xctest */;
			productType = "com.apple.product-type.bundle.ui-testing";
		};
/* End PBXNativeTarget section */

/* Begin PBXProject section */
		0BBE2E0928B5E45900F70FE5 /* Project object */ = {
			isa = PBXProject;
			attributes = {
				BuildIndependentTargetsInParallel = 1;
				LastSwiftUpdateCheck = 1340;
				LastUpgradeCheck = 1340;
				TargetAttributes = {
					0BBE2E1028B5E45900F70FE5 = {
						CreatedOnToolsVersion = 13.4.1;
					};
					0BBE2E2628B5E45A00F70FE5 = {
						CreatedOnToolsVersion = 13.4.1;
						TestTargetID = 0BBE2E1028B5E45900F70FE5;
					};
					0BBE2E3028B5E45A00F70FE5 = {
						CreatedOnToolsVersion = 13.4.1;
						TestTargetID = 0BBE2E1028B5E45900F70FE5;
					};
				};
			};
			buildConfigurationList = 0BBE2E0C28B5E45900F70FE5 /* Build configuration list for PBXProject "PasswordHacker" */;
			compatibilityVersion = "Xcode 13.0";
			developmentRegion = en;
			hasScannedForEncodings = 0;
			knownRegions = (
				en,
				Base,
			);
			mainGroup = 0BBE2E0828B5E45900F70FE5;
			productRefGroup = 0BBE2E1228B5E45900F70FE5 /* Products */;
			projectDirPath = "";
			projectRoot = "";
			targets = (
				0BBE2E1028B5E45900F70FE5 /* PasswordHacker */,
				0BBE2E2628B5E45A00F70FE5 /* PasswordHackerTests */,
				0BBE2E3028B5E45A00F70FE5 /* PasswordHackerUITests */,
			);
		};
/* End PBXProject section */

/* Begin PBXResourcesBuildPhase section */
		0BBE2E0F28B5E45900F70FE5 /* Resources */ = {
			isa = PBXResourcesBuildPhase;
			buildActionMask = 2147483647;
			files = (
				0BBE2E2128B5E45A00F70FE5 /* LaunchScreen.storyboard in Resources */,
				0BBE2E1E28B5E45A00F70FE5 /* Assets.xcassets in Resources */,
				0BBE2E1C28B5E45900F70FE5 /* Main.storyboard in Resources */,
			);
			runOnlyForDeploymentPostprocessing = 0;
		};
		0BBE2E2528B5E45A00F70FE5 /* Resources */ = {
			isa = PBXResourcesBuildPhase;
			buildActionMask = 2147483647;
			files = (
			);
			runOnlyForDeploymentPostprocessing = 0;
		};
		0BBE2E2F28B5E45A00F70FE5 /* Resources */ = {
			isa = PBXResourcesBuildPhase;
			buildActionMask = 2147483647;
			files = (
			);
			runOnlyForDeploymentPostprocessing = 0;
		};
/* End PBXResourcesBuildPhase section */

/* Begin PBXSourcesBuildPhase section */
		0BBE2E0D28B5E45900F70FE5 /* Sources */ = {
			isa = PBXSourcesBuildPhase;
			buildActionMask = 2147483647;
			files = (
				0BBE2E1928B5E45900F70FE5 /* ViewController.swift in Sources */,
				0BBE2E1528B5E45900F70FE5 /* AppDelegate.swift in Sources */,
				0BBE2E1728B5E45900F70FE5 /* SceneDelegate.swift in Sources */,
			);
			runOnlyForDeploymentPostprocessing = 0;
		};
		0BBE2E2328B5E45A00F70FE5 /* Sources */ = {
			isa = PBXSourcesBuildPhase;
			buildActionMask = 2147483647;
			files = (
				0BBE2E2C28B5E45A00F70FE5 /* PasswordHackerTests.swift in Sources */,
			);
			runOnlyForDeploymentPostprocessing = 0;
		};
		0BBE2E2D28B5E45A00F70FE5 /* Sources */ = {
			isa = PBXSourcesBuildPhase;
			buildActionMask = 2147483647;
			files = (
				0BBE2E3628B5E45A00F70FE5 /* PasswordHackerUITests.swift in Sources */,
				0BBE2E3828B5E45A00F70FE5 /* PasswordHackerUITestsLaunchTests.swift in Sources */,
			);
			runOnlyForDeploymentPostprocessing = 0;
		};
/* End PBXSourcesBuildPhase section */

/* Begin PBXTargetDependency section */
		0BBE2E2928B5E45A00F70FE5 /* PBXTargetDependency */ = {
			isa = PBXTargetDependency;
			target = 0BBE2E1028B5E45900F70FE5 /* PasswordHacker */;
			targetProxy = 0BBE2E2828B5E45A00F70FE5 /* PBXContainerItemProxy */;
		};
		0BBE2E3328B5E45A00F70FE5 /* PBXTargetDependency */ = {
			isa = PBXTargetDependency;
			target = 0BBE2E1028B5E45900F70FE5 /* PasswordHacker */;
			targetProxy = 0BBE2E3228B5E45A00F70FE5 /* PBXContainerItemProxy */;
		};
/* End PBXTargetDependency section */

/* Begin PBXVariantGroup section */
		0BBE2E1A28B5E45900F70FE5 /* Main.storyboard */ = {
			isa = PBXVariantGroup;
			children = (
				0BBE2E1B28B5E45900F70FE5 /* Base */,
			);
			name = Main.storyboard;
			sourceTree = "<group>";
		};
		0BBE2E1F28B5E45A00F70FE5 /* LaunchScreen.storyboard */ = {
			isa = PBXVariantGroup;
			children = (
				0BBE2E2028B5E45A00F70FE5 /* Base */,
			);
			name = LaunchScreen.storyboard;
			sourceTree = "<group>";
		};
/* End PBXVariantGroup section */

/* Begin XCBuildConfiguration section */
		0BBE2E3928B5E45A00F70FE5 /* Debug */ = {
			isa = XCBuildConfiguration;
			buildSettings = {
				ALWAYS_SEARCH_USER_PATHS = NO;
				CLANG_ANALYZER_NONNULL = YES;
				CLANG_ANALYZER_NUMBER_OBJECT_CONVERSION = YES_AGGRESSIVE;
				CLANG_CXX_LANGUAGE_STANDARD = "gnu++17";
				CLANG_ENABLE_MODULES = YES;
				CLANG_ENABLE_OBJC_ARC = YES;
				CLANG_ENABLE_OBJC_WEAK = YES;
				CLANG_WARN_BLOCK_CAPTURE_AUTORELEASING = YES;
				CLANG_WARN_BOOL_CONVERSION = YES;
				CLANG_WARN_COMMA = YES;
				CLANG_WARN_CONSTANT_CONVERSION = YES;
				CLANG_WARN_DEPRECATED_OBJC_IMPLEMENTATIONS = YES;
				CLANG_WARN_DIRECT_OBJC_ISA_USAGE = YES_ERROR;
				CLANG_WARN_DOCUMENTATION_COMMENTS = YES;
				CLANG_WARN_EMPTY_BODY = YES;
				CLANG_WARN_ENUM_CONVERSION = YES;
				CLANG_WARN_INFINITE_RECURSION = YES;
				CLANG_WARN_INT_CONVERSION = YES;
				CLANG_WARN_NON_LITERAL_NULL_CONVERSION = YES;
				CLANG_WARN_OBJC_IMPLICIT_RETAIN_SELF = YES;
				CLANG_WARN_OBJC_LITERAL_CONVERSION = YES;
				CLANG_WARN_OBJC_ROOT_CLASS = YES_ERROR;
				CLANG_WARN_QUOTED_INCLUDE_IN_FRAMEWORK_HEADER = YES;
				CLANG_WARN_RANGE_LOOP_ANALYSIS = YES;
				CLANG_WARN_STRICT_PROTOTYPES = YES;
				CLANG_WARN_SUSPICIOUS_MOVE = YES;
				CLANG_WARN_UNGUARDED_AVAILABILITY = YES_AGGRESSIVE;
				CLANG_WARN_UNREACHABLE_CODE = YES;
				CLANG_WARN__DUPLICATE_METHOD_MATCH = YES;
				COPY_PHASE_STRIP = NO;
				DEBUG_INFORMATION_FORMAT = dwarf;
				ENABLE_STRICT_OBJC_MSGSEND = YES;
				ENABLE_TESTABILITY = YES;
				GCC_C_LANGUAGE_STANDARD = gnu11;
				GCC_DYNAMIC_NO_PIC = NO;
				GCC_NO_COMMON_BLOCKS = YES;
				GCC_OPTIMIZATION_LEVEL = 0;
				GCC_PREPROCESSOR_DEFINITIONS = (
					"DEBUG=1",
					"$(inherited)",
				);
				GCC_WARN_64_TO_32_BIT_CONVERSION = YES;
				GCC_WARN_ABOUT_RETURN_TYPE = YES_ERROR;
				GCC_WARN_UNDECLARED_SELECTOR = YES;
				GCC_WARN_UNINITIALIZED_AUTOS = YES_AGGRESSIVE;
				GCC_WARN_UNUSED_FUNCTION = YES;
				GCC_WARN_UNUSED_VARIABLE = YES;
				IPHONEOS_DEPLOYMENT_TARGET = 15.5;
				MTL_ENABLE_DEBUG_INFO = INCLUDE_SOURCE;
				MTL_FAST_MATH = YES;
				ONLY_ACTIVE_ARCH = YES;
				SDKROOT = iphoneos;
				SWIFT_ACTIVE_COMPILATION_CONDITIONS = DEBUG;
				SWIFT_OPTIMIZATION_LEVEL = "-Onone";
			};
			name = Debug;
		};
		0BBE2E3A28B5E45A00F70FE5 /* Release */ = {
			isa = XCBuildConfiguration;
			buildSettings = {
				ALWAYS_SEARCH_USER_PATHS = NO;
				CLANG_ANALYZER_NONNULL = YES;
				CLANG_ANALYZER_NUMBER_OBJECT_CONVERSION = YES_AGGRESSIVE;
				CLANG_CXX_LANGUAGE_STANDARD = "gnu++17";
				CLANG_ENABLE_MODULES = YES;
				CLANG_ENABLE_OBJC_ARC = YES;
				CLANG_ENABLE_OBJC_WEAK = YES;
				CLANG_WARN_BLOCK_CAPTURE_AUTORELEASING = YES;
				CLANG_WARN_BOOL_CONVERSION = YES;
				CLANG_WARN_COMMA = YES;
				CLANG_WARN_CONSTANT_CONVERSION = YES;
				CLANG_WARN_DEPRECATED_OBJC_IMPLEMENTATIONS = YES;
				CLANG_WARN_DIRECT_OBJC_ISA_USAGE = YES_ERROR;
				CLANG_WARN_DOCUMENTATION_COMMENTS = YES;
				CLANG_WARN_EMPTY_BODY = YES;
				CLANG_WARN_ENUM_CONVERSION = YES;
				CLANG_WARN_INFINITE_RECURSION = YES;
				CLANG_WARN_INT_CONVERSION = YES;
				CLANG_WARN_NON_LITERAL_NULL_CONVERSION = YES;
				CLANG_WARN_OBJC_IMPLICIT_RETAIN_SELF = YES;
				CLANG_WARN_OBJC_LITERAL_CONVERSION = YES;
				CLANG_WARN_OBJC_ROOT_CLASS = YES_ERROR;
				CLANG_WARN_QUOTED_INCLUDE_IN_FRAMEWORK_HEADER = YES;
				CLANG_WARN_RANGE_LOOP_ANALYSIS = YES;
				CLANG_WARN_STRICT_PROTOTYPES = YES;
				CLANG_WARN_SUSPICIOUS_MOVE = YES;
				CLANG_WARN_UNGUARDED_AVAILABILITY = YES_AGGRESSIVE;
				CLANG_WARN_UNREACHABLE_CODE = YES;
				CLANG_WARN__DUPLICATE_METHOD_MATCH = YES;
				COPY_PHASE_STRIP = NO;
				DEBUG_INFORMATION_FORMAT = "dwarf-with-dsym";
				ENABLE_NS_ASSERTIONS = NO;
				ENABLE_STRICT_OBJC_MSGSEND = YES;
				GCC_C_LANGUAGE_STANDARD = gnu11;
				GCC_NO_COMMON_BLOCKS = YES;
				GCC_WARN_64_TO_32_BIT_CONVERSION = YES;
				GCC_WARN_ABOUT_RETURN_TYPE = YES_ERROR;
				GCC_WARN_UNDECLARED_SELECTOR = YES;
				GCC_WARN_UNINITIALIZED_AUTOS = YES_AGGRESSIVE;
				GCC_WARN_UNUSED_FUNCTION = YES;
				GCC_WARN_UNUSED_VARIABLE = YES;
				IPHONEOS_DEPLOYMENT_TARGET = 15.5;
				MTL_ENABLE_DEBUG_INFO = NO;
				MTL_FAST_MATH = YES;
				SDKROOT = iphoneos;
				SWIFT_COMPILATION_MODE = wholemodule;
				SWIFT_OPTIMIZATION_LEVEL = "-O";
				VALIDATE_PRODUCT = YES;
			};
			name = Release;
		};
		0BBE2E3C28B5E45A00F70FE5 /* Debug */ = {
			isa = XCBuildConfiguration;
			buildSettings = {
				ASSETCATALOG_COMPILER_APPICON_NAME = AppIcon;
				ASSETCATALOG_COMPILER_GLOBAL_ACCENT_COLOR_NAME = AccentColor;
				CODE_SIGN_STYLE = Automatic;
				CURRENT_PROJECT_VERSION = 1;
				GENERATE_INFOPLIST_FILE = YES;
				INFOPLIST_FILE = PasswordHacker/Info.plist;
				INFOPLIST_KEY_UIApplicationSupportsIndirectInputEvents = YES;
				INFOPLIST_KEY_UILaunchStoryboardName = LaunchScreen;
				INFOPLIST_KEY_UIMainStoryboardFile = Main;
				INFOPLIST_KEY_UISupportedInterfaceOrientations_iPad = "UIInterfaceOrientationPortrait UIInterfaceOrientationPortraitUpsideDown UIInterfaceOrientationLandscapeLeft UIInterfaceOrientationLandscapeRight";
				INFOPLIST_KEY_UISupportedInterfaceOrientations_iPhone = "UIInterfaceOrientationPortrait UIInterfaceOrientationLandscapeLeft UIInterfaceOrientationLandscapeRight";
				LD_RUNPATH_SEARCH_PATHS = (
					"$(inherited)",
					"@executable_path/Frameworks",
				);
				MARKETING_VERSION = 1.0;
				PRODUCT_BUNDLE_IDENTIFIER = app.kanakou.ishii.PasswordHacker;
				PRODUCT_NAME = "$(TARGET_NAME)";
				SWIFT_EMIT_LOC_STRINGS = YES;
				SWIFT_VERSION = 5.0;
				TARGETED_DEVICE_FAMILY = "1,2";
			};
			name = Debug;
		};
		0BBE2E3D28B5E45A00F70FE5 /* Release */ = {
			isa = XCBuildConfiguration;
			buildSettings = {
				ASSETCATALOG_COMPILER_APPICON_NAME = AppIcon;
				ASSETCATALOG_COMPILER_GLOBAL_ACCENT_COLOR_NAME = AccentColor;
				CODE_SIGN_STYLE = Automatic;
				CURRENT_PROJECT_VERSION = 1;
				GENERATE_INFOPLIST_FILE = YES;
				INFOPLIST_FILE = PasswordHacker/Info.plist;
				INFOPLIST_KEY_UIApplicationSupportsIndirectInputEvents = YES;
				INFOPLIST_KEY_UILaunchStoryboardName = LaunchScreen;
				INFOPLIST_KEY_UIMainStoryboardFile = Main;
				INFOPLIST_KEY_UISupportedInterfaceOrientations_iPad = "UIInterfaceOrientationPortrait UIInterfaceOrientationPortraitUpsideDown UIInterfaceOrientationLandscapeLeft UIInterfaceOrientationLandscapeRight";
				INFOPLIST_KEY_UISupportedInterfaceOrientations_iPhone = "UIInterfaceOrientationPortrait UIInterfaceOrientationLandscapeLeft UIInterfaceOrientationLandscapeRight";
				LD_RUNPATH_SEARCH_PATHS = (
					"$(inherited)",
					"@executable_path/Frameworks",
				);
				MARKETING_VERSION = 1.0;
				PRODUCT_BUNDLE_IDENTIFIER = app.kanakou.ishii.PasswordHacker;
				PRODUCT_NAME = "$(TARGET_NAME)";
				SWIFT_EMIT_LOC_STRINGS = YES;
				SWIFT_VERSION = 5.0;
				TARGETED_DEVICE_FAMILY = "1,2";
			};
			name = Release;
		};
		0BBE2E3F28B5E45A00F70FE5 /* Debug */ = {
			isa = XCBuildConfiguration;
			buildSettings = {
				ALWAYS_EMBED_SWIFT_STANDARD_LIBRARIES = YES;
				BUNDLE_LOADER = "$(TEST_HOST)";
				CODE_SIGN_STYLE = Automatic;
				CURRENT_PROJECT_VERSION = 1;
				GENERATE_INFOPLIST_FILE = YES;
				IPHONEOS_DEPLOYMENT_TARGET = 15.5;
				MARKETING_VERSION = 1.0;
				PRODUCT_BUNDLE_IDENTIFIER = app.kanakou.ishii.PasswordHackerTests;
				PRODUCT_NAME = "$(TARGET_NAME)";
				SWIFT_EMIT_LOC_STRINGS = NO;
				SWIFT_VERSION = 5.0;
				TARGETED_DEVICE_FAMILY = "1,2";
				TEST_HOST = "$(BUILT_PRODUCTS_DIR)/PasswordHacker.app/PasswordHacker";
			};
			name = Debug;
		};
		0BBE2E4028B5E45A00F70FE5 /* Release */ = {
			isa = XCBuildConfiguration;
			buildSettings = {
				ALWAYS_EMBED_SWIFT_STANDARD_LIBRARIES = YES;
				BUNDLE_LOADER = "$(TEST_HOST)";
				CODE_SIGN_STYLE = Automatic;
				CURRENT_PROJECT_VERSION = 1;
				GENERATE_INFOPLIST_FILE = YES;
				IPHONEOS_DEPLOYMENT_TARGET = 15.5;
				MARKETING_VERSION = 1.0;
				PRODUCT_BUNDLE_IDENTIFIER = app.kanakou.ishii.PasswordHackerTests;
				PRODUCT_NAME = "$(TARGET_NAME)";
				SWIFT_EMIT_LOC_STRINGS = NO;
				SWIFT_VERSION = 5.0;
				TARGETED_DEVICE_FAMILY = "1,2";
				TEST_HOST = "$(BUILT_PRODUCTS_DIR)/PasswordHacker.app/PasswordHacker";
			};
			name = Release;
		};
		0BBE2E4228B5E45A00F70FE5 /* Debug */ = {
			isa = XCBuildConfiguration;
			buildSettings = {
				ALWAYS_EMBED_SWIFT_STANDARD_LIBRARIES = YES;
				CODE_SIGN_STYLE = Automatic;
				CURRENT_PROJECT_VERSION = 1;
				GENERATE_INFOPLIST_FILE = YES;
				MARKETING_VERSION = 1.0;
				PRODUCT_BUNDLE_IDENTIFIER = app.kanakou.ishii.PasswordHackerUITests;
				PRODUCT_NAME = "$(TARGET_NAME)";
				SWIFT_EMIT_LOC_STRINGS = NO;
				SWIFT_VERSION = 5.0;
				TARGETED_DEVICE_FAMILY = "1,2";
				TEST_TARGET_NAME = PasswordHacker;
			};
			name = Debug;
		};
		0BBE2E4328B5E45A00F70FE5 /* Release */ = {
			isa = XCBuildConfiguration;
			buildSettings = {
				ALWAYS_EMBED_SWIFT_STANDARD_LIBRARIES = YES;
				CODE_SIGN_STYLE = Automatic;
				CURRENT_PROJECT_VERSION = 1;
				GENERATE_INFOPLIST_FILE = YES;
				MARKETING_VERSION = 1.0;
				PRODUCT_BUNDLE_IDENTIFIER = app.kanakou.ishii.PasswordHackerUITests;
				PRODUCT_NAME = "$(TARGET_NAME)";
				SWIFT_EMIT_LOC_STRINGS = NO;
				SWIFT_VERSION = 5.0;
				TARGETED_DEVICE_FAMILY = "1,2";
				TEST_TARGET_NAME = PasswordHacker;
			};
			name = Release;
		};
/* End XCBuildConfiguration section */

/* Begin XCConfigurationList section */
		0BBE2E0C28B5E45900F70FE5 /* Build configuration list for PBXProject "PasswordHacker" */ = {
			isa = XCConfigurationList;
			buildConfigurations = (
				0BBE2E3928B5E45A00F70FE5 /* Debug */,
				0BBE2E3A28B5E45A00F70FE5 /* Release */,
			);
			defaultConfigurationIsVisible = 0;
			defaultConfigurationName = Release;
		};
		0BBE2E3B28B5E45A00F70FE5 /* Build configuration list for PBXNativeTarget "PasswordHacker" */ = {
			isa = XCConfigurationList;
			buildConfigurations = (
				0BBE2E3C28B5E45A00F70FE5 /* Debug */,
				0BBE2E3D28B5E45A00F70FE5 /* Release */,
			);
			defaultConfigurationIsVisible = 0;
			defaultConfigurationName = Release;
		};
		0BBE2E3E28B5E45A00F70FE5 /* Build configuration list for PBXNativeTarget "PasswordHackerTests" */ = {
			isa = XCConfigurationList;
			buildConfigurations = (
				0BBE2E3F28B5E45A00F70FE5 /* Debug */,
				0BBE2E4028B5E45A00F70FE5 /* Release */,
			);
			defaultConfigurationIsVisible = 0;
			defaultConfigurationName = Release;
		};
		0BBE2E4128B5E45A00F70FE5 /* Build configuration list for PBXNativeTarget "PasswordHackerUITests" */ = {
			isa = XCConfigurationList;
			buildConfigurations = (
				0BBE2E4228B5E45A00F70FE5 /* Debug */,
				0BBE2E4328B5E45A00F70FE5 /* Release */,
			);
			defaultConfigurationIsVisible = 0;
			defaultConfigurationName = Release;
		};
/* End XCConfigurationList section */
	};
	rootObject = 0BBE2E0928B5E45900F70FE5 /* Project object */;
}
